
# cargo-vet imports lock

[[publisher.forensic-vfs]]
version = "0.9.0"
when = "2026-08-24"
user-id = 347968
user-login = "h4x0r"
user-name = "Albert Hui"

[[publisher.forensicnomicon]]
version = "1.8.1"
when = "2026-07-19"
user-id = 347968
user-login = "h4x0r"
user-name = "Albert Hui"

[[publisher.forensicnomicon-core]]
version = "1.4.0"
when = "2026-07-19"
user-id = 347968
user-login = "h4x0r"
user-name = "Albert Hui"

[[publisher.forensicnomicon-data]]
version = "1.3.2"
when = "2026-07-19"
user-id = 347968
user-login = "h4x0r"
user-name = "Albert Hui"

[[publisher.safe-read]]
version = "0.1.0"
when = "2026-07-15"
user-id = 347968
user-login = "h4x0r"
user-name = "Albert Hui"

[[publisher.state-history-forensic]]
version = "0.2.1"
when = "2026-08-06"
user-id = 347968
user-login = "h4x0r"
user-name = "Albert Hui"

[audits.bytecode-alliance.audits]

[audits.embark.audits]

[audits.google.audits]

[audits.mozilla.audits]
